
Microsoft Visual Studio Solution File, Format Version 11.00
# Visual Studio 2010
Project("{FAE04EC0-301F-11D3-BF4B-00C04F79EFBC}") = "Scripts", "Scripts.csproj", "{278e8f49-da3d-3155-13c0-3541e214689c}"
EndProject
Project("{FAE04EC0-301F-11D3-BF4B-00C04F79EFBC}") = "EditMode", "EditMode.csproj", "{fb580978-9c58-bd7b-cfdb-e227d2719580}"
EndProject
Global
	GlobalSection(SolutionConfigurationPlatforms) = preSolution
		Debug|Any CPU = Debug|Any CPU
		Release|Any CPU = Release|Any CPU
	EndGlobalSection
	GlobalSection(ProjectConfigurationPlatforms) = postSolution
		{278e8f49-da3d-3155-13c0-3541e214689c}.Debug|Any CPU.ActiveCfg = Debug|Any CPU
		{278e8f49-da3d-3155-13c0-3541e214689c}.Debug|Any CPU.Build.0 = Debug|Any CPU
		{278e8f49-da3d-3155-13c0-3541e214689c}.Release|Any CPU.ActiveCfg = Release|Any CPU
		{278e8f49-da3d-3155-13c0-3541e214689c}.Release|Any CPU.Build.0 = Release|Any CPU
		{fb580978-9c58-bd7b-cfdb-e227d2719580}.Debug|Any CPU.ActiveCfg = Debug|Any CPU
		{fb580978-9c58-bd7b-cfdb-e227d2719580}.Debug|Any CPU.Build.0 = Debug|Any CPU
		{fb580978-9c58-bd7b-cfdb-e227d2719580}.Release|Any CPU.ActiveCfg = Release|Any CPU
		{fb580978-9c58-bd7b-cfdb-e227d2719580}.Release|Any CPU.Build.0 = Release|Any CPU
	EndGlobalSection
	GlobalSection(SolutionProperties) = preSolution
		HideSolutionNode = FALSE
	EndGlobalSection
EndGlobal
